%{
  "benchfella": {:hex, :benchfella, "0.3.1", "3728b082725f27c46502c4609f78b8db01d4739932ebfc59f350b7a2b47d394d", [:mix], [], "hexpm", "55c5f066bbe6fbddc6de6293f9f36c9d1000fa14a67d24d32801d8ac612f55e0"},
  "benchwarmer": {:hex, :benchwarmer, "0.0.2", "902e5c020608647b07c38b82103e4af6d2667dfd5d5d13c67382238de6943136", [:mix], [], "hexpm", "8b98b39c1c50df624f9c2d13ca953eeed465eed6feda975da26b479df2b4c9f5"},
  "certifi": {:hex, :certifi, "0.3.0"},
  "earmark": {:hex, :earmark, "0.2.1", "ba6d26ceb16106d069b289df66751734802777a3cbb6787026dd800ffeb850f3", [:mix], [], "hexpm", "c86afb8d22a5aa8315afd4257c7512011c0c9a48b0fea43af7612836b958098b"},
  "earmark_parser": {:hex, :earmark_parser, "1.4.44", "f20830dd6b5c77afe2b063777ddbbff09f9759396500cdbe7523efd58d7a339c", [:mix], [], "hexpm", "4778ac752b4701a5599215f7030989c989ffdc4f6df457c5f36938cc2d2a2750"},
  "eternal": {:hex, :eternal, "1.2.2", "d1641c86368de99375b98d183042dd6c2b234262b8d08dfd72b9eeaafc2a1abd", [:mix], [], "hexpm", "2c9fe32b9c3726703ba5e1d43a1d255a4f3f2d8f8f9bc19f094c7cb1a7a9e782"},
  "ex_doc": {:hex, :ex_doc, "0.39.3", "519c6bc7e84a2918b737aec7ef48b96aa4698342927d080437f61395d361dcee", [:mix], [{:earmark_parser, "~> 1.4.44", [hex: :earmark_parser, repo: "hexpm", optional: false]}, {:makeup_c, ">= 0.1.0", [hex: :makeup_c, repo: "hexpm", optional: true]}, {:makeup_elixir, "~> 0.14 or ~> 1.0", [hex: :makeup_elixir, repo: "hexpm", optional: false]}, {:makeup_erlang, "~> 0.1 or ~> 1.0", [hex: :makeup_erlang, repo: "hexpm", optional: false]}, {:makeup_html, ">= 0.1.0", [hex: :makeup_html, repo: "hexpm", optional: true]}], "hexpm", "0590955cf7ad3b625780ee1c1ea627c28a78948c6c0a9b0322bd976a079996e1"},
  "excoveralls": {:hex, :excoveralls, "0.4.6"},
  "exjsx": {:hex, :exjsx, "3.2.0"},
  "exprintf": {:hex, :exprintf, "0.1.6", "b5b0a38bf78a357dbc61cdf7364fea004af6fdf5214be44021eb2ea7edf61f6e", [:mix], [], "hexpm", "7acb31f93cef83effd3aa1f0572f9e29d7d1b4f50a6d456e2830fa7594c16182"},
  "exprof": {:hex, :exprof, "0.2.0", "b03f50d0d33e2f18c8e047d9188ba765dc32daba0b553ed717a98a78561d5eaf", [:mix], [{:exprintf, "~> 0.1", [hex: :exprintf, repo: "hexpm", optional: false]}], "hexpm", "2b3b8c623873172a6c7ba1707981f51feea6b6edbabd5347752030803ad0c954"},
  "hackney": {:hex, :hackney, "1.4.8"},
  "idna": {:hex, :idna, "1.0.3"},
  "jsx": {:hex, :jsx, "2.6.2"},
  "makeup": {:hex, :makeup, "1.2.1", "e90ac1c65589ef354378def3ba19d401e739ee7ee06fb47f94c687016e3713d1", [:mix], [{:nimble_parsec, "~> 1.4", [hex: :nimble_parsec, repo: "hexpm", optional: false]}], "hexpm", "d36484867b0bae0fea568d10131197a4c2e47056a6fbe84922bf6ba71c8d17ce"},
  "makeup_elixir": {:hex, :makeup_elixir, "1.0.1", "e928a4f984e795e41e3abd27bfc09f51db16ab8ba1aebdba2b3a575437efafc2", [:mix], [{:makeup, "~> 1.0", [hex: :makeup, repo: "hexpm", optional: false]}, {:nimble_parsec, "~> 1.2.3 or ~> 1.3", [hex: :nimble_parsec, repo: "hexpm", optional: false]}], "hexpm", "7284900d412a3e5cfd97fdaed4f5ed389b8f2b4cb49efc0eb3bd10e2febf9507"},
  "makeup_erlang": {:hex, :makeup_erlang, "1.0.2", "03e1804074b3aa64d5fad7aa64601ed0fb395337b982d9bcf04029d68d51b6a7", [:mix], [{:makeup, "~> 1.0", [hex: :makeup, repo: "hexpm", optional: false]}], "hexpm", "af33ff7ef368d5893e4a267933e7744e46ce3cf1f61e2dccf53a111ed3aa3727"},
  "mimerl": {:hex, :mimerl, "1.0.2"},
  "nimble_parsec": {:hex, :nimble_parsec, "1.4.2", "8efba0122db06df95bfaa78f791344a89352ba04baedd3849593bfce4d0dc1c6", [:mix], [], "hexpm", "4b21398942dda052b403bbe1da991ccd03a053668d147d53fb8c4e0efe09c973"},
  "ssl_verify_hostname": {:hex, :ssl_verify_hostname, "1.0.5"},
}
